
Microsoft Visual Studio Solution File, Format Version 12.00
# Visual Studio Version 17
VisualStudioVersion = 17.0.31903.59
MinimumVisualStudioVersion = 10.0.40219.1
Project("{2150E333-8FDC-42A3-9474-1A3956D46DE8}") = "backend", "backend", "{4F16AFC4-6A1E-4408-B2AA-C3D6AEA253D1}"
EndProject
Project("{2150E333-8FDC-42A3-9474-1A3956D46DE8}") = "src", "src", "{8B2E58CE-72DB-4727-82A4-045B6AE5B565}"
EndProject
Project("{FAE04EC0-301F-11D3-BF4B-00C04F79EFBC}") = "CohereLoanAndMortgage.Api.Host", "backend\src\Api.Host\CohereLoanAndMortgage.Api.Host.csproj", "{5E32973F-9CED-4513-A4F0-B71A8DE0C432}"
EndProject
Project("{FAE04EC0-301F-11D3-BF4B-00C04F79EFBC}") = "LoanWorkflow.Mcp", "backend\src\LoanWorkflow.Mcp\LoanWorkflow.Mcp.csproj", "{492F5E3A-C74B-48D9-BD35-B8099AFDEFBE}"
EndProject
Project("{2150E333-8FDC-42A3-9474-1A3956D46DE8}") = "agent-provisioning", "agent-provisioning", "{A1B2C3D4-E5F6-7890-ABCD-EF1234567890}"
EndProject
Project("{FAE04EC0-301F-11D3-BF4B-00C04F79EFBC}") = "CohereLoanAndMortgage.AgentProvisioning", "agent-provisioning\src\CohereLoanAndMortgage.AgentProvisioning\CohereLoanAndMortgage.AgentProvisioning.csproj", "{B2C3D4E5-F6A7-8901-BCDE-F12345678901}"
EndProject
Project("{FAE04EC0-301F-11D3-BF4B-00C04F79EFBC}") = "CohereLoanAndMortgage.Foundry.Governance", "backend\src\CohereLoanAndMortgage.Foundry.Governance\CohereLoanAndMortgage.Foundry.Governance.csproj", "{B0C93375-B9D1-44DE-92D8-28DCCB93C099}"
EndProject
Project("{2150E333-8FDC-42A3-9474-1A3956D46DE8}") = "tests", "tests", "{ACD0A6E0-D526-82B8-5D9E-2BF6ACDF396A}"
EndProject
Project("{FAE04EC0-301F-11D3-BF4B-00C04F79EFBC}") = "CohereLoanAndMortgage.Governance.Tests", "backend\tests\CohereLoanAndMortgage.Governance.Tests\CohereLoanAndMortgage.Governance.Tests.csproj", "{9C212B45-261B-49ED-8491-AC5F8E663DFA}"
EndProject
Global
	GlobalSection(SolutionConfigurationPlatforms) = preSolution
		Debug|Any CPU = Debug|Any CPU
		Debug|x64 = Debug|x64
		Debug|x86 = Debug|x86
		Release|Any CPU = Release|Any CPU
		Release|x64 = Release|x64
		Release|x86 = Release|x86
	EndGlobalSection
	GlobalSection(ProjectConfigurationPlatforms) = postSolution
		{5E32973F-9CED-4513-A4F0-B71A8DE0C432}.Debug|Any CPU.ActiveCfg = Debug|Any CPU
		{5E32973F-9CED-4513-A4F0-B71A8DE0C432}.Debug|Any CPU.Build.0 = Debug|Any CPU
		{5E32973F-9CED-4513-A4F0-B71A8DE0C432}.Debug|x64.ActiveCfg = Debug|Any CPU
		{5E32973F-9CED-4513-A4F0-B71A8DE0C432}.Debug|x64.Build.0 = Debug|Any CPU
		{5E32973F-9CED-4513-A4F0-B71A8DE0C432}.Debug|x86.ActiveCfg = Debug|Any CPU
		{5E32973F-9CED-4513-A4F0-B71A8DE0C432}.Debug|x86.Build.0 = Debug|Any CPU
		{5E32973F-9CED-4513-A4F0-B71A8DE0C432}.Release|Any CPU.ActiveCfg = Release|Any CPU
		{5E32973F-9CED-4513-A4F0-B71A8DE0C432}.Release|Any CPU.Build.0 = Release|Any CPU
		{5E32973F-9CED-4513-A4F0-B71A8DE0C432}.Release|x64.ActiveCfg = Release|Any CPU
		{5E32973F-9CED-4513-A4F0-B71A8DE0C432}.Release|x64.Build.0 = Release|Any CPU
		{5E32973F-9CED-4513-A4F0-B71A8DE0C432}.Release|x86.ActiveCfg = Release|Any CPU
		{5E32973F-9CED-4513-A4F0-B71A8DE0C432}.Release|x86.Build.0 = Release|Any CPU
		{492F5E3A-C74B-48D9-BD35-B8099AFDEFBE}.Debug|Any CPU.ActiveCfg = Debug|Any CPU
		{492F5E3A-C74B-48D9-BD35-B8099AFDEFBE}.Debug|Any CPU.Build.0 = Debug|Any CPU
		{492F5E3A-C74B-48D9-BD35-B8099AFDEFBE}.Debug|x64.ActiveCfg = Debug|Any CPU
		{492F5E3A-C74B-48D9-BD35-B8099AFDEFBE}.Debug|x64.Build.0 = Debug|Any CPU
		{492F5E3A-C74B-48D9-BD35-B8099AFDEFBE}.Debug|x86.ActiveCfg = Debug|Any CPU
		{492F5E3A-C74B-48D9-BD35-B8099AFDEFBE}.Debug|x86.Build.0 = Debug|Any CPU
		{492F5E3A-C74B-48D9-BD35-B8099AFDEFBE}.Release|Any CPU.ActiveCfg = Release|Any CPU
		{492F5E3A-C74B-48D9-BD35-B8099AFDEFBE}.Release|Any CPU.Build.0 = Release|Any CPU
		{492F5E3A-C74B-48D9-BD35-B8099AFDEFBE}.Release|x64.ActiveCfg = Release|Any CPU
		{492F5E3A-C74B-48D9-BD35-B8099AFDEFBE}.Release|x64.Build.0 = Release|Any CPU
		{492F5E3A-C74B-48D9-BD35-B8099AFDEFBE}.Release|x86.ActiveCfg = Release|Any CPU
		{492F5E3A-C74B-48D9-BD35-B8099AFDEFBE}.Release|x86.Build.0 = Release|Any CPU
		{B2C3D4E5-F6A7-8901-BCDE-F12345678901}.Debug|Any CPU.ActiveCfg = Debug|Any CPU
		{B2C3D4E5-F6A7-8901-BCDE-F12345678901}.Debug|Any CPU.Build.0 = Debug|Any CPU
		{B2C3D4E5-F6A7-8901-BCDE-F12345678901}.Debug|x64.ActiveCfg = Debug|Any CPU
		{B2C3D4E5-F6A7-8901-BCDE-F12345678901}.Debug|x64.Build.0 = Debug|Any CPU
		{B2C3D4E5-F6A7-8901-BCDE-F12345678901}.Debug|x86.ActiveCfg = Debug|Any CPU
		{B2C3D4E5-F6A7-8901-BCDE-F12345678901}.Debug|x86.Build.0 = Debug|Any CPU
		{B2C3D4E5-F6A7-8901-BCDE-F12345678901}.Release|Any CPU.ActiveCfg = Release|Any CPU
		{B2C3D4E5-F6A7-8901-BCDE-F12345678901}.Release|Any CPU.Build.0 = Release|Any CPU
		{B2C3D4E5-F6A7-8901-BCDE-F12345678901}.Release|x64.ActiveCfg = Release|Any CPU
		{B2C3D4E5-F6A7-8901-BCDE-F12345678901}.Release|x64.Build.0 = Release|Any CPU
		{B2C3D4E5-F6A7-8901-BCDE-F12345678901}.Release|x86.ActiveCfg = Release|Any CPU
		{B2C3D4E5-F6A7-8901-BCDE-F12345678901}.Release|x86.Build.0 = Release|Any CPU
		{B0C93375-B9D1-44DE-92D8-28DCCB93C099}.Debug|Any CPU.ActiveCfg = Debug|Any CPU
		{B0C93375-B9D1-44DE-92D8-28DCCB93C099}.Debug|Any CPU.Build.0 = Debug|Any CPU
		{B0C93375-B9D1-44DE-92D8-28DCCB93C099}.Debug|x64.ActiveCfg = Debug|Any CPU
		{B0C93375-B9D1-44DE-92D8-28DCCB93C099}.Debug|x64.Build.0 = Debug|Any CPU
		{B0C93375-B9D1-44DE-92D8-28DCCB93C099}.Debug|x86.ActiveCfg = Debug|Any CPU
		{B0C93375-B9D1-44DE-92D8-28DCCB93C099}.Debug|x86.Build.0 = Debug|Any CPU
		{B0C93375-B9D1-44DE-92D8-28DCCB93C099}.Release|Any CPU.ActiveCfg = Release|Any CPU
		{B0C93375-B9D1-44DE-92D8-28DCCB93C099}.Release|Any CPU.Build.0 = Release|Any CPU
		{B0C93375-B9D1-44DE-92D8-28DCCB93C099}.Release|x64.ActiveCfg = Release|Any CPU
		{B0C93375-B9D1-44DE-92D8-28DCCB93C099}.Release|x64.Build.0 = Release|Any CPU
		{B0C93375-B9D1-44DE-92D8-28DCCB93C099}.Release|x86.ActiveCfg = Release|Any CPU
		{B0C93375-B9D1-44DE-92D8-28DCCB93C099}.Release|x86.Build.0 = Release|Any CPU
		{9C212B45-261B-49ED-8491-AC5F8E663DFA}.Debug|Any CPU.ActiveCfg = Debug|Any CPU
		{9C212B45-261B-49ED-8491-AC5F8E663DFA}.Debug|Any CPU.Build.0 = Debug|Any CPU
		{9C212B45-261B-49ED-8491-AC5F8E663DFA}.Debug|x64.ActiveCfg = Debug|Any CPU
		{9C212B45-261B-49ED-8491-AC5F8E663DFA}.Debug|x64.Build.0 = Debug|Any CPU
		{9C212B45-261B-49ED-8491-AC5F8E663DFA}.Debug|x86.ActiveCfg = Debug|Any CPU
		{9C212B45-261B-49ED-8491-AC5F8E663DFA}.Debug|x86.Build.0 = Debug|Any CPU
		{9C212B45-261B-49ED-8491-AC5F8E663DFA}.Release|Any CPU.ActiveCfg = Release|Any CPU
		{9C212B45-261B-49ED-8491-AC5F8E663DFA}.Release|Any CPU.Build.0 = Release|Any CPU
		{9C212B45-261B-49ED-8491-AC5F8E663DFA}.Release|x64.ActiveCfg = Release|Any CPU
		{9C212B45-261B-49ED-8491-AC5F8E663DFA}.Release|x64.Build.0 = Release|Any CPU
		{9C212B45-261B-49ED-8491-AC5F8E663DFA}.Release|x86.ActiveCfg = Release|Any CPU
		{9C212B45-261B-49ED-8491-AC5F8E663DFA}.Release|x86.Build.0 = Release|Any CPU
	EndGlobalSection
	GlobalSection(SolutionProperties) = preSolution
		HideSolutionNode = FALSE
	EndGlobalSection
	GlobalSection(NestedProjects) = preSolution
		{8B2E58CE-72DB-4727-82A4-045B6AE5B565} = {4F16AFC4-6A1E-4408-B2AA-C3D6AEA253D1}
		{5E32973F-9CED-4513-A4F0-B71A8DE0C432} = {8B2E58CE-72DB-4727-82A4-045B6AE5B565}
		{492F5E3A-C74B-48D9-BD35-B8099AFDEFBE} = {8B2E58CE-72DB-4727-82A4-045B6AE5B565}
		{B2C3D4E5-F6A7-8901-BCDE-F12345678901} = {A1B2C3D4-E5F6-7890-ABCD-EF1234567890}
		{B0C93375-B9D1-44DE-92D8-28DCCB93C099} = {8B2E58CE-72DB-4727-82A4-045B6AE5B565}
		{ACD0A6E0-D526-82B8-5D9E-2BF6ACDF396A} = {4F16AFC4-6A1E-4408-B2AA-C3D6AEA253D1}
		{9C212B45-261B-49ED-8491-AC5F8E663DFA} = {ACD0A6E0-D526-82B8-5D9E-2BF6ACDF396A}
	EndGlobalSection
EndGlobal
